
Microsoft Visual Studio Solution File, Format Version 12.00
# Visual Studio 14
VisualStudioVersion = 14.0.25420.1
MinimumVisualStudioVersion = 10.0.40219.1
Project("{FAE04EC0-301F-11D3-BF4B-00C04F79EFBC}") = "Vkazo.Droid", "Vkazo\Vkazo.Droid\Vkazo.Droid.csproj", "{36750805-7D0E-4725-9472-AD1F284BF349}"
EndProject
Project("{FAE04EC0-301F-11D3-BF4B-00C04F79EFBC}") = "Vkazo.iOS", "Vkazo\Vkazo.iOS\Vkazo.iOS.csproj", "{35B35B81-C52F-4931-81EF-CC79691CF879}"
EndProject
Project("{FAE04EC0-301F-11D3-BF4B-00C04F79EFBC}") = "Vkazo", "Vkazo\Vkazo\Vkazo.csproj", "{1298BC45-EED0-428C-AB14-2F2A19D1DEC4}"
EndProject
Global
	GlobalSection(SolutionConfigurationPlatforms) = preSolution
		Ad-Hoc|Any CPU = Ad-Hoc|Any CPU
		Ad-Hoc|ARM = Ad-Hoc|ARM
		Ad-Hoc|iPhone = Ad-Hoc|iPhone
		Ad-Hoc|iPhoneSimulator = Ad-Hoc|iPhoneSimulator
		Ad-Hoc|x64 = Ad-Hoc|x64
		Ad-Hoc|x86 = Ad-Hoc|x86
		AppStore|Any CPU = AppStore|Any CPU
		AppStore|ARM = AppStore|ARM
		AppStore|iPhone = AppStore|iPhone
		AppStore|iPhoneSimulator = AppStore|iPhoneSimulator
		AppStore|x64 = AppStore|x64
		AppStore|x86 = AppStore|x86
		Debug|Any CPU = Debug|Any CPU
		Debug|ARM = Debug|ARM
		Debug|iPhone = Debug|iPhone
		Debug|iPhoneSimulator = Debug|iPhoneSimulator
		Debug|x64 = Debug|x64
		Debug|x86 = Debug|x86
		Release|Any CPU = Release|Any CPU
		Release|ARM = Release|ARM
		Release|iPhone = Release|iPhone
		Release|iPhoneSimulator = Release|iPhoneSimulator
		Release|x64 = Release|x64
		Release|x86 = Release|x86
	EndGlobalSection
	GlobalSection(ProjectConfigurationPlatforms) = postSolution
		{36750805-7D0E-4725-9472-AD1F284BF349}.Ad-Hoc|Any CPU.ActiveCfg = Release|Any CPU
		{36750805-7D0E-4725-9472-AD1F284BF349}.Ad-Hoc|Any CPU.Build.0 = Release|Any CPU
		{36750805-7D0E-4725-9472-AD1F284BF349}.Ad-Hoc|Any CPU.Deploy.0 = Release|Any CPU
		{36750805-7D0E-4725-9472-AD1F284BF349}.Ad-Hoc|ARM.ActiveCfg = Release|Any CPU
		{36750805-7D0E-4725-9472-AD1F284BF349}.Ad-Hoc|ARM.Build.0 = Release|Any CPU
		{36750805-7D0E-4725-9472-AD1F284BF349}.Ad-Hoc|ARM.Deploy.0 = Release|Any CPU
		{36750805-7D0E-4725-9472-AD1F284BF349}.Ad-Hoc|iPhone.ActiveCfg = Release|Any CPU
		{36750805-7D0E-4725-9472-AD1F284BF349}.Ad-Hoc|iPhone.Build.0 = Release|Any CPU
		{36750805-7D0E-4725-9472-AD1F284BF349}.Ad-Hoc|iPhone.Deploy.0 = Release|Any CPU
		{36750805-7D0E-4725-9472-AD1F284BF349}.Ad-Hoc|iPhoneSimulator.ActiveCfg = Release|Any CPU
		{36750805-7D0E-4725-9472-AD1F284BF349}.Ad-Hoc|iPhoneSimulator.Build.0 = Release|Any CPU
		{36750805-7D0E-4725-9472-AD1F284BF349}.Ad-Hoc|iPhoneSimulator.Deploy.0 = Release|Any CPU
		{36750805-7D0E-4725-9472-AD1F284BF349}.Ad-Hoc|x64.ActiveCfg = Release|Any CPU
		{36750805-7D0E-4725-9472-AD1F284BF349}.Ad-Hoc|x64.Build.0 = Release|Any CPU
		{36750805-7D0E-4725-9472-AD1F284BF349}.Ad-Hoc|x64.Deploy.0 = Release|Any CPU
		{36750805-7D0E-4725-9472-AD1F284BF349}.Ad-Hoc|x86.ActiveCfg = Release|Any CPU
		{36750805-7D0E-4725-9472-AD1F284BF349}.Ad-Hoc|x86.Build.0 = Release|Any CPU
		{36750805-7D0E-4725-9472-AD1F284BF349}.Ad-Hoc|x86.Deploy.0 = Release|Any CPU
		{36750805-7D0E-4725-9472-AD1F284BF349}.AppStore|Any CPU.ActiveCfg = Release|Any CPU
		{36750805-7D0E-4725-9472-AD1F284BF349}.AppStore|Any CPU.Build.0 = Release|Any CPU
		{36750805-7D0E-4725-9472-AD1F284BF349}.AppStore|Any CPU.Deploy.0 = Release|Any CPU
		{36750805-7D0E-4725-9472-AD1F284BF349}.AppStore|ARM.ActiveCfg = Release|Any CPU
		{36750805-7D0E-4725-9472-AD1F284BF349}.AppStore|ARM.Build.0 = Release|Any CPU
		{36750805-7D0E-4725-9472-AD1F284BF349}.AppStore|ARM.Deploy.0 = Release|Any CPU
		{36750805-7D0E-4725-9472-AD1F284BF349}.AppStore|iPhone.ActiveCfg = Release|Any CPU
		{36750805-7D0E-4725-9472-AD1F284BF349}.AppStore|iPhone.Build.0 = Release|Any CPU
		{36750805-7D0E-4725-9472-AD1F284BF349}.AppStore|iPhone.Deploy.0 = Release|Any CPU
		{36750805-7D0E-4725-9472-AD1F284BF349}.AppStore|iPhoneSimulator.ActiveCfg = Release|Any CPU
		{36750805-7D0E-4725-9472-AD1F284BF349}.AppStore|iPhoneSimulator.Build.0 = Release|Any CPU
		{36750805-7D0E-4725-9472-AD1F284BF349}.AppStore|iPhoneSimulator.Deploy.0 = Release|Any CPU
		{36750805-7D0E-4725-9472-AD1F284BF349}.AppStore|x64.ActiveCfg = Release|Any CPU
		{36750805-7D0E-4725-9472-AD1F284BF349}.AppStore|x64.Build.0 = Release|Any CPU
		{36750805-7D0E-4725-9472-AD1F284BF349}.AppStore|x64.Deploy.0 = Release|Any CPU
		{36750805-7D0E-4725-9472-AD1F284BF349}.AppStore|x86.ActiveCfg = Release|Any CPU
		{36750805-7D0E-4725-9472-AD1F284BF349}.AppStore|x86.Build.0 = Release|Any CPU
		{36750805-7D0E-4725-9472-AD1F284BF349}.AppStore|x86.Deploy.0 = Release|Any CPU
		{36750805-7D0E-4725-9472-AD1F284BF349}.Debug|Any CPU.ActiveCfg = Debug|Any CPU
		{36750805-7D0E-4725-9472-AD1F284BF349}.Debug|Any CPU.Build.0 = Debug|Any CPU
		{36750805-7D0E-4725-9472-AD1F284BF349}.Debug|Any CPU.Deploy.0 = Debug|Any CPU
		{36750805-7D0E-4725-9472-AD1F284BF349}.Debug|ARM.ActiveCfg = Debug|Any CPU
		{36750805-7D0E-4725-9472-AD1F284BF349}.Debug|ARM.Build.0 = Debug|Any CPU
		{36750805-7D0E-4725-9472-AD1F284BF349}.Debug|ARM.Deploy.0 = Debug|Any CPU
		{36750805-7D0E-4725-9472-AD1F284BF349}.Debug|iPhone.ActiveCfg = Debug|Any CPU
		{36750805-7D0E-4725-9472-AD1F284BF349}.Debug|iPhone.Build.0 = Debug|Any CPU
		{36750805-7D0E-4725-9472-AD1F284BF349}.Debug|iPhone.Deploy.0 = Debug|Any CPU
		{36750805-7D0E-4725-9472-AD1F284BF349}.Debug|iPhoneSimulator.ActiveCfg = Debug|Any CPU
		{36750805-7D0E-4725-9472-AD1F284BF349}.Debug|iPhoneSimulator.Build.0 = Debug|Any CPU
		{36750805-7D0E-4725-9472-AD1F284BF349}.Debug|iPhoneSimulator.Deploy.0 = Debug|Any CPU
		{36750805-7D0E-4725-9472-AD1F284BF349}.Debug|x64.ActiveCfg = Debug|Any CPU
		{36750805-7D0E-4725-9472-AD1F284BF349}.Debug|x64.Build.0 = Debug|Any CPU
		{36750805-7D0E-4725-9472-AD1F284BF349}.Debug|x64.Deploy.0 = Debug|Any CPU
		{36750805-7D0E-4725-9472-AD1F284BF349}.Debug|x86.ActiveCfg = Debug|Any CPU
		{36750805-7D0E-4725-9472-AD1F284BF349}.Debug|x86.Build.0 = Debug|Any CPU
		{36750805-7D0E-4725-9472-AD1F284BF349}.Debug|x86.Deploy.0 = Debug|Any CPU
		{36750805-7D0E-4725-9472-AD1F284BF349}.Release|Any CPU.ActiveCfg = Release|Any CPU
		{36750805-7D0E-4725-9472-AD1F284BF349}.Release|Any CPU.Build.0 = Release|Any CPU
		{36750805-7D0E-4725-9472-AD1F284BF349}.Release|Any CPU.Deploy.0 = Release|Any CPU
		{36750805-7D0E-4725-9472-AD1F284BF349}.Release|ARM.ActiveCfg = Release|Any CPU
		{36750805-7D0E-4725-9472-AD1F284BF349}.Release|ARM.Build.0 = Release|Any CPU
		{36750805-7D0E-4725-9472-AD1F284BF349}.Release|ARM.Deploy.0 = Release|Any CPU
		{36750805-7D0E-4725-9472-AD1F284BF349}.Release|iPhone.ActiveCfg = Release|Any CPU
		{36750805-7D0E-4725-9472-AD1F284BF349}.Release|iPhone.Build.0 = Release|Any CPU
		{36750805-7D0E-4725-9472-AD1F284BF349}.Release|iPhone.Deploy.0 = Release|Any CPU
		{36750805-7D0E-4725-9472-AD1F284BF349}.Release|iPhoneSimulator.ActiveCfg = Release|Any CPU
		{36750805-7D0E-4725-9472-AD1F284BF349}.Release|iPhoneSimulator.Build.0 = Release|Any CPU
		{36750805-7D0E-4725-9472-AD1F284BF349}.Release|iPhoneSimulator.Deploy.0 = Release|Any CPU
		{36750805-7D0E-4725-9472-AD1F284BF349}.Release|x64.ActiveCfg = Release|Any CPU
		{36750805-7D0E-4725-9472-AD1F284BF349}.Release|x64.Build.0 = Release|Any CPU
		{36750805-7D0E-4725-9472-AD1F284BF349}.Release|x64.Deploy.0 = Release|Any CPU
		{36750805-7D0E-4725-9472-AD1F284BF349}.Release|x86.ActiveCfg = Release|Any CPU
		{36750805-7D0E-4725-9472-AD1F284BF349}.Release|x86.Build.0 = Release|Any CPU
		{36750805-7D0E-4725-9472-AD1F284BF349}.Release|x86.Deploy.0 = Release|Any CPU
		{35B35B81-C52F-4931-81EF-CC79691CF879}.Ad-Hoc|Any CPU.ActiveCfg = Ad-Hoc|iPhone
		{35B35B81-C52F-4931-81EF-CC79691CF879}.Ad-Hoc|ARM.ActiveCfg = Ad-Hoc|iPhone
		{35B35B81-C52F-4931-81EF-CC79691CF879}.Ad-Hoc|iPhone.ActiveCfg = Ad-Hoc|iPhone
		{35B35B81-C52F-4931-81EF-CC79691CF879}.Ad-Hoc|iPhone.Build.0 = Ad-Hoc|iPhone
		{35B35B81-C52F-4931-81EF-CC79691CF879}.Ad-Hoc|iPhoneSimulator.ActiveCfg = Ad-Hoc|iPhoneSimulator
		{35B35B81-C52F-4931-81EF-CC79691CF879}.Ad-Hoc|iPhoneSimulator.Build.0 = Ad-Hoc|iPhoneSimulator
		{35B35B81-C52F-4931-81EF-CC79691CF879}.Ad-Hoc|x64.ActiveCfg = Ad-Hoc|iPhone
		{35B35B81-C52F-4931-81EF-CC79691CF879}.Ad-Hoc|x86.ActiveCfg = Ad-Hoc|iPhone
		{35B35B81-C52F-4931-81EF-CC79691CF879}.AppStore|Any CPU.ActiveCfg = AppStore|iPhone
		{35B35B81-C52F-4931-81EF-CC79691CF879}.AppStore|ARM.ActiveCfg = AppStore|iPhone
		{35B35B81-C52F-4931-81EF-CC79691CF879}.AppStore|iPhone.ActiveCfg = AppStore|iPhone
		{35B35B81-C52F-4931-81EF-CC79691CF879}.AppStore|iPhone.Build.0 = AppStore|iPhone
		{35B35B81-C52F-4931-81EF-CC79691CF879}.AppStore|iPhoneSimulator.ActiveCfg = AppStore|iPhoneSimulator
		{35B35B81-C52F-4931-81EF-CC79691CF879}.AppStore|iPhoneSimulator.Build.0 = AppStore|iPhoneSimulator
		{35B35B81-C52F-4931-81EF-CC79691CF879}.AppStore|x64.ActiveCfg = AppStore|iPhone
		{35B35B81-C52F-4931-81EF-CC79691CF879}.AppStore|x86.ActiveCfg = AppStore|iPhone
		{35B35B81-C52F-4931-81EF-CC79691CF879}.Debug|Any CPU.ActiveCfg = Debug|iPhone
		{35B35B81-C52F-4931-81EF-CC79691CF879}.Debug|ARM.ActiveCfg = Debug|iPhone
		{35B35B81-C52F-4931-81EF-CC79691CF879}.Debug|iPhone.ActiveCfg = Debug|iPhone
		{35B35B81-C52F-4931-81EF-CC79691CF879}.Debug|iPhone.Build.0 = Debug|iPhone
		{35B35B81-C52F-4931-81EF-CC79691CF879}.Debug|iPhoneSimulator.ActiveCfg = Debug|iPhoneSimulator
		{35B35B81-C52F-4931-81EF-CC79691CF879}.Debug|iPhoneSimulator.Build.0 = Debug|iPhoneSimulator
		{35B35B81-C52F-4931-81EF-CC79691CF879}.Debug|x64.ActiveCfg = Debug|iPhone
		{35B35B81-C52F-4931-81EF-CC79691CF879}.Debug|x86.ActiveCfg = Debug|iPhone
		{35B35B81-C52F-4931-81EF-CC79691CF879}.Release|Any CPU.ActiveCfg = Release|iPhone
		{35B35B81-C52F-4931-81EF-CC79691CF879}.Release|ARM.ActiveCfg = Release|iPhone
		{35B35B81-C52F-4931-81EF-CC79691CF879}.Release|iPhone.ActiveCfg = Release|iPhone
		{35B35B81-C52F-4931-81EF-CC79691CF879}.Release|iPhone.Build.0 = Release|iPhone
		{35B35B81-C52F-4931-81EF-CC79691CF879}.Release|iPhoneSimulator.ActiveCfg = Release|iPhoneSimulator
		{35B35B81-C52F-4931-81EF-CC79691CF879}.Release|iPhoneSimulator.Build.0 = Release|iPhoneSimulator
		{35B35B81-C52F-4931-81EF-CC79691CF879}.Release|x64.ActiveCfg = Release|iPhone
		{35B35B81-C52F-4931-81EF-CC79691CF879}.Release|x86.ActiveCfg = Release|iPhone
		{1298BC45-EED0-428C-AB14-2F2A19D1DEC4}.Ad-Hoc|Any CPU.ActiveCfg = Release|Any CPU
		{1298BC45-EED0-428C-AB14-2F2A19D1DEC4}.Ad-Hoc|Any CPU.Build.0 = Release|Any CPU
		{1298BC45-EED0-428C-AB14-2F2A19D1DEC4}.Ad-Hoc|ARM.ActiveCfg = Release|Any CPU
		{1298BC45-EED0-428C-AB14-2F2A19D1DEC4}.Ad-Hoc|ARM.Build.0 = Release|Any CPU
		{1298BC45-EED0-428C-AB14-2F2A19D1DEC4}.Ad-Hoc|iPhone.ActiveCfg = Release|Any CPU
		{1298BC45-EED0-428C-AB14-2F2A19D1DEC4}.Ad-Hoc|iPhone.Build.0 = Release|Any CPU
		{1298BC45-EED0-428C-AB14-2F2A19D1DEC4}.Ad-Hoc|iPhoneSimulator.ActiveCfg = Release|Any CPU
		{1298BC45-EED0-428C-AB14-2F2A19D1DEC4}.Ad-Hoc|iPhoneSimulator.Build.0 = Release|Any CPU
		{1298BC45-EED0-428C-AB14-2F2A19D1DEC4}.Ad-Hoc|x64.ActiveCfg = Release|Any CPU
		{1298BC45-EED0-428C-AB14-2F2A19D1DEC4}.Ad-Hoc|x64.Build.0 = Release|Any CPU
		{1298BC45-EED0-428C-AB14-2F2A19D1DEC4}.Ad-Hoc|x86.ActiveCfg = Release|Any CPU
		{1298BC45-EED0-428C-AB14-2F2A19D1DEC4}.Ad-Hoc|x86.Build.0 = Release|Any CPU
		{1298BC45-EED0-428C-AB14-2F2A19D1DEC4}.AppStore|Any CPU.ActiveCfg = Release|Any CPU
		{1298BC45-EED0-428C-AB14-2F2A19D1DEC4}.AppStore|Any CPU.Build.0 = Release|Any CPU
		{1298BC45-EED0-428C-AB14-2F2A19D1DEC4}.AppStore|ARM.ActiveCfg = Release|Any CPU
		{1298BC45-EED0-428C-AB14-2F2A19D1DEC4}.AppStore|ARM.Build.0 = Release|Any CPU
		{1298BC45-EED0-428C-AB14-2F2A19D1DEC4}.AppStore|iPhone.ActiveCfg = Release|Any CPU
		{1298BC45-EED0-428C-AB14-2F2A19D1DEC4}.AppStore|iPhone.Build.0 = Release|Any CPU
		{1298BC45-EED0-428C-AB14-2F2A19D1DEC4}.AppStore|iPhoneSimulator.ActiveCfg = Release|Any CPU
		{1298BC45-EED0-428C-AB14-2F2A19D1DEC4}.AppStore|iPhoneSimulator.Build.0 = Release|Any CPU
		{1298BC45-EED0-428C-AB14-2F2A19D1DEC4}.AppStore|x64.ActiveCfg = Release|Any CPU
		{1298BC45-EED0-428C-AB14-2F2A19D1DEC4}.AppStore|x64.Build.0 = Release|Any CPU
		{1298BC45-EED0-428C-AB14-2F2A19D1DEC4}.AppStore|x86.ActiveCfg = Release|Any CPU
		{1298BC45-EED0-428C-AB14-2F2A19D1DEC4}.AppStore|x86.Build.0 = Release|Any CPU
		{1298BC45-EED0-428C-AB14-2F2A19D1DEC4}.Debug|Any CPU.ActiveCfg = Debug|Any CPU
		{1298BC45-EED0-428C-AB14-2F2A19D1DEC4}.Debug|Any CPU.Build.0 = Debug|Any CPU
		{1298BC45-EED0-428C-AB14-2F2A19D1DEC4}.Debug|ARM.ActiveCfg = Debug|Any CPU
		{1298BC45-EED0-428C-AB14-2F2A19D1DEC4}.Debug|ARM.Build.0 = Debug|Any CPU
		{1298BC45-EED0-428C-AB14-2F2A19D1DEC4}.Debug|iPhone.ActiveCfg = Debug|Any CPU
		{1298BC45-EED0-428C-AB14-2F2A19D1DEC4}.Debug|iPhone.Build.0 = Debug|Any CPU
		{1298BC45-EED0-428C-AB14-2F2A19D1DEC4}.Debug|iPhoneSimulator.ActiveCfg = Debug|Any CPU
		{1298BC45-EED0-428C-AB14-2F2A19D1DEC4}.Debug|iPhoneSimulator.Build.0 = Debug|Any CPU
		{1298BC45-EED0-428C-AB14-2F2A19D1DEC4}.Debug|x64.ActiveCfg = Debug|Any CPU
		{1298BC45-EED0-428C-AB14-2F2A19D1DEC4}.Debug|x64.Build.0 = Debug|Any CPU
		{1298BC45-EED0-428C-AB14-2F2A19D1DEC4}.Debug|x86.ActiveCfg = Debug|Any CPU
		{1298BC45-EED0-428C-AB14-2F2A19D1DEC4}.Debug|x86.Build.0 = Debug|Any CPU
		{1298BC45-EED0-428C-AB14-2F2A19D1DEC4}.Release|Any CPU.ActiveCfg = Release|Any CPU
		{1298BC45-EED0-428C-AB14-2F2A19D1DEC4}.Release|Any CPU.Build.0 = Release|Any CPU
		{1298BC45-EED0-428C-AB14-2F2A19D1DEC4}.Release|ARM.ActiveCfg = Release|Any CPU
		{1298BC45-EED0-428C-AB14-2F2A19D1DEC4}.Release|ARM.Build.0 = Release|Any CPU
		{1298BC45-EED0-428C-AB14-2F2A19D1DEC4}.Release|iPhone.ActiveCfg = Release|Any CPU
		{1298BC45-EED0-428C-AB14-2F2A19D1DEC4}.Release|iPhone.Build.0 = Release|Any CPU
		{1298BC45-EED0-428C-AB14-2F2A19D1DEC4}.Release|iPhoneSimulator.ActiveCfg = Release|Any CPU
		{1298BC45-EED0-428C-AB14-2F2A19D1DEC4}.Release|iPhoneSimulator.Build.0 = Release|Any CPU
		{1298BC45-EED0-428C-AB14-2F2A19D1DEC4}.Release|x64.ActiveCfg = Release|Any CPU
		{1298BC45-EED0-428C-AB14-2F2A19D1DEC4}.Release|x64.Build.0 = Release|Any CPU
		{1298BC45-EED0-428C-AB14-2F2A19D1DEC4}.Release|x86.ActiveCfg = Release|Any CPU
		{1298BC45-EED0-428C-AB14-2F2A19D1DEC4}.Release|x86.Build.0 = Release|Any CPU
	EndGlobalSection
	GlobalSection(SolutionProperties) = preSolution
		HideSolutionNode = FALSE
	EndGlobalSection
EndGlobal
